# This file was autogenerated by Stack.
# You should not edit this file by hand.
# For more information, please see the documentation at:
#   https://docs.haskellstack.org/en/stable/lock_files

packages:
- completed:
    commit: 180a93d2410bbc545e6932c6ff32d8b31ca4ea51
    git: git@github.com:fullstack-development/fsd-prelude.git
    name: fsd-prelude
    pantry-tree:
      sha256: 80df05f2f28b044abbab7ecba9c095b20735854a2e0638029ebf9ed11281b227
      size: 663
    version: 0.1.0.0
  original:
    commit: 180a93d2410bbc545e6932c6ff32d8b31ca4ea51
    git: git@github.com:fullstack-development/fsd-prelude.git
- completed:
    commit: 1aa256646f541905cc95b57e6e9a41e6c8725faa
    git: git@github.com:fullstack-development/reducible.git
    name: reducible
    pantry-tree:
      sha256: e9fefebe693e4e142965b4c94d3d714c22015810a8aa991c25739dce6c72197d
      size: 1086
    version: 0.1.0.20220514
  original:
    commit: 1aa256646f541905cc95b57e6e9a41e6c8725faa
    git: git@github.com:fullstack-development/reducible.git
snapshots:
- completed:
    sha256: 9a74d76d250a455d9cd11e74f157e087787fa9aa3c4264e69c94703d1e71aede
    size: 619200
    url: https://raw.githubusercontent.com/commercialhaskell/stackage-snapshots/master/lts/19/30.yaml
  original:
    url: https://raw.githubusercontent.com/commercialhaskell/stackage-snapshots/master/lts/19/30.yaml
